{
    "_meta": {
        "hash": {
            "sha256": "2b06677bee4cd499f7cbd026218f2faf2f309059cfced1b8b0d3bdedc080972c"
        },
        "pipfile-spec": 6,
        "requires": {
            "python_version": "3.6"
        },
        "sources": [
            {
                "name": "pypi",
                "url": "https://pypi.org/simple",
                "verify_ssl": true
            }
        ]
    },
    "default": {
        "configargparse": {
            "hashes": [
                "sha256:bf378245bc9cdc403a527e5b7406b991680c2a530e7e81af747880b54eb57133"
            ],
            "index": "pypi",
            "version": "==1.0"
        },
        "gitdb2": {
            "hashes": [
                "sha256:0375d983fd887d03c8942e81b1b0abc6c320cfb500cd3fe0d9c0eac87fbf2b52",
                "sha256:b2b3a67090c17dc61f8407ca485e79ae811225ab5ebcd98ac5ee01448e8987b5"
            ],
            "version": "==3.0.2"
        },
        "gitpython": {
            "hashes": [
                "sha256:620b3c729bbc143b498cfea77e302999deedc55faec5b1067086c9ef90e101bc",
                "sha256:a43a5d88a5bbc3cf32bb5223e4b4e68fd716db5e9996cad6e561bbfee6e5f4af"
            ],
            "index": "pypi",
            "version": "==3.0.8"
        },
        "smmap2": {
            "hashes": [
                "sha256:0555a7bf4df71d1ef4218e4807bbf9b201f910174e6e08af2e138d4e517b4dde",
                "sha256:29a9ffa0497e7f2be94ca0ed1ca1aa3cd4cf25a1f6b4f5f87f74b46ed91d609a"
            ],
            "version": "==2.0.5"
        }
    },
    "develop": {}
}
